// !$*UTF8*$!
{
	archiveVersion = 1;
	classes = {
	};
	objectVersion = 48;
	objects = {

/* Begin PBXBuildFile section */
		5DB4AD242273A1614D417118 /* libPods-Grey Net Single.a in Frameworks */ = {isa = PBXBuildFile; fileRef = 64EA19CADF8A377E3B40F0AC /* libPods-Grey Net Single.a */; };
		D8066F6820767B8100362983 /* HelpPageView.m in Sources */ = {isa = PBXBuildFile; fileRef = D8066F6620767B8100362983 /* HelpPageView.m */; };
		D8066F6920767B8100362983 /* audioController.m in Sources */ = {isa = PBXBuildFile; fileRef = D8066F6720767B8100362983 /* audioController.m */; };
		D8066F6B207681B700362983 /* Zz_白日梦_zZ-初音未来的激唱.mp3 in Resources */ = {isa = PBXBuildFile; fileRef = D8066F6A207681B700362983 /* Zz_白日梦_zZ-初音未来的激唱.mp3 */; };
		D80F078A2073C88600022F23 /* FlagPageView.m in Sources */ = {isa = PBXBuildFile; fileRef = D80F07892073C88600022F23 /* FlagPageView.m */; };
		D8119B1C202B205100452787 /* SettingModel.m in Sources */ = {isa = PBXBuildFile; fileRef = D8119B1B202B205100452787 /* SettingModel.m */; };
		D81E3A682039A731002A7B37 /* UITabBarItem+DKSBadge.m in Sources */ = {isa = PBXBuildFile; fileRef = D81E3A652039A731002A7B37 /* UITabBarItem+DKSBadge.m */; };
		D81E3A692039A731002A7B37 /* UITabBar+DKSTabBar.m in Sources */ = {isa = PBXBuildFile; fileRef = D81E3A662039A731002A7B37 /* UITabBar+DKSTabBar.m */; };
		D81E3A6A2039A731002A7B37 /* UIView+DKSBadge.m in Sources */ = {isa = PBXBuildFile; fileRef = D81E3A672039A731002A7B37 /* UIView+DKSBadge.m */; };
		D81E3A6D2039CBCA002A7B37 /* PingView.m in Sources */ = {isa = PBXBuildFile; fileRef = D81E3A6C2039CBCA002A7B37 /* PingView.m */; };
		D81E3A702039DDD2002A7B37 /* SSHView.m in Sources */ = {isa = PBXBuildFile; fileRef = D81E3A6F2039DDD2002A7B37 /* SSHView.m */; };
		D82BFB48204FAE22002CA3F6 /* confirmButton.png in Resources */ = {isa = PBXBuildFile; fileRef = D82BFB46204FAE22002CA3F6 /* confirmButton.png */; };
		D82BFB49204FAE22002CA3F6 /* launchImage.jpg in Resources */ = {isa = PBXBuildFile; fileRef = D82BFB47204FAE22002CA3F6 /* launchImage.jpg */; };
		D82BFB4B204FB503002CA3F6 /* launchImage_gaitubao_com_1200x2436_gaitubao_com_1125x2436.jpg in Resources */ = {isa = PBXBuildFile; fileRef = D82BFB4A204FB503002CA3F6 /* launchImage_gaitubao_com_1200x2436_gaitubao_com_1125x2436.jpg */; };
		D82CD7E8203C5FF100139B0C /* SSHConsoleView.m in Sources */ = {isa = PBXBuildFile; fileRef = D82CD7E7203C5FF100139B0C /* SSHConsoleView.m */; };
		D82CD80E203C727A00139B0C /* IQTextView.m in Sources */ = {isa = PBXBuildFile; fileRef = D82CD7EB203C727900139B0C /* IQTextView.m */; };
		D82CD80F203C727A00139B0C /* IQToolbar.m in Sources */ = {isa = PBXBuildFile; fileRef = D82CD7EF203C727900139B0C /* IQToolbar.m */; };
		D82CD810203C727A00139B0C /* IQTitleBarButtonItem.m in Sources */ = {isa = PBXBuildFile; fileRef = D82CD7F1203C727900139B0C /* IQTitleBarButtonItem.m */; };
		D82CD811203C727A00139B0C /* IQBarButtonItem.m in Sources */ = {isa = PBXBuildFile; fileRef = D82CD7F2203C727900139B0C /* IQBarButtonItem.m */; };
		D82CD812203C727A00139B0C /* IQUIView+IQKeyboardToolbar.m in Sources */ = {isa = PBXBuildFile; fileRef = D82CD7F3203C727900139B0C /* IQUIView+IQKeyboardToolbar.m */; };
		D82CD813203C727A00139B0C /* IQPreviousNextView.m in Sources */ = {isa = PBXBuildFile; fileRef = D82CD7F4203C727900139B0C /* IQPreviousNextView.m */; };
		D82CD814203C727A00139B0C /* IQKeyboardManager.bundle in Resources */ = {isa = PBXBuildFile; fileRef = D82CD7FC203C727900139B0C /* IQKeyboardManager.bundle */; };
		D82CD815203C727A00139B0C /* IQKeyboardManager.m in Sources */ = {isa = PBXBuildFile; fileRef = D82CD7FF203C727900139B0C /* IQKeyboardManager.m */; };
		D82CD816203C727A00139B0C /* IQNSArray+Sort.m in Sources */ = {isa = PBXBuildFile; fileRef = D82CD801203C727900139B0C /* IQNSArray+Sort.m */; };
		D82CD817203C727A00139B0C /* IQUIWindow+Hierarchy.m in Sources */ = {isa = PBXBuildFile; fileRef = D82CD802203C727900139B0C /* IQUIWindow+Hierarchy.m */; };
		D82CD818203C727A00139B0C /* IQUITextFieldView+Additions.m in Sources */ = {isa = PBXBuildFile; fileRef = D82CD804203C727900139B0C /* IQUITextFieldView+Additions.m */; };
		D82CD819203C727A00139B0C /* IQUIScrollView+Additions.m in Sources */ = {isa = PBXBuildFile; fileRef = D82CD805203C727900139B0C /* IQUIScrollView+Additions.m */; };
		D82CD81A203C727A00139B0C /* IQUIView+Hierarchy.m in Sources */ = {isa = PBXBuildFile; fileRef = D82CD806203C727900139B0C /* IQUIView+Hierarchy.m */; };
		D82CD81B203C727A00139B0C /* IQUIViewController+Additions.m in Sources */ = {isa = PBXBuildFile; fileRef = D82CD80B203C727900139B0C /* IQUIViewController+Additions.m */; };
		D82CD81C203C727A00139B0C /* IQKeyboardReturnKeyHandler.m in Sources */ = {isa = PBXBuildFile; fileRef = D82CD80D203C727900139B0C /* IQKeyboardReturnKeyHandler.m */; };
		D82CD81F203C886400139B0C /* DownloadView.m in Sources */ = {isa = PBXBuildFile; fileRef = D82CD81E203C886400139B0C /* DownloadView.m */; };
		D82CD822203C8B4900139B0C /* WKProgressBarLayer.m in Sources */ = {isa = PBXBuildFile; fileRef = D82CD821203C8B4900139B0C /* WKProgressBarLayer.m */; };
		D848DDA7207C8E91004A330E /* Documents.txt in Resources */ = {isa = PBXBuildFile; fileRef = D848DDA6207C8E91004A330E /* Documents.txt */; };
		D85DBAAB207520EC00316B8A /* AVFoundation.framework in Frameworks */ = {isa = PBXBuildFile; fileRef = D85DBAAA207520EC00316B8A /* AVFoundation.framework */; };
		D85DBAAD2076411B00316B8A /* Donna Burke-HEAVENS DIVIDE (Instrumental).mp3 in Resources */ = {isa = PBXBuildFile; fileRef = D85DBAAC2076411B00316B8A /* Donna Burke-HEAVENS DIVIDE (Instrumental).mp3 */; };
		D86A64872037C11B0016244B /* libsqlite3.tbd in Frameworks */ = {isa = PBXBuildFile; fileRef = D86A64862037C11B0016244B /* libsqlite3.tbd */; };
		D86A648A20387BBD0016244B /* BaseView.m in Sources */ = {isa = PBXBuildFile; fileRef = D86A648920387BBD0016244B /* BaseView.m */; };
		D86E0E152029D23F0075AAE2 /* FCoverViewController.m in Sources */ = {isa = PBXBuildFile; fileRef = D86E0E142029D23F0075AAE2 /* FCoverViewController.m */; };
		D86E22481FFC855D009EA637 /* AppDelegate.m in Sources */ = {isa = PBXBuildFile; fileRef = D86E22471FFC855D009EA637 /* AppDelegate.m */; };
		D86E22501FFC855D009EA637 /* Assets.xcassets in Resources */ = {isa = PBXBuildFile; fileRef = D86E224F1FFC855D009EA637 /* Assets.xcassets */; };
		D86E22561FFC855D009EA637 /* main.m in Sources */ = {isa = PBXBuildFile; fileRef = D86E22551FFC855D009EA637 /* main.m */; };
		D86E22601FFC855D009EA637 /* Grey_Net_SingleTests.m in Sources */ = {isa = PBXBuildFile; fileRef = D86E225F1FFC855D009EA637 /* Grey_Net_SingleTests.m */; };
		D86E226B1FFC855D009EA637 /* Grey_Net_SingleUITests.m in Sources */ = {isa = PBXBuildFile; fileRef = D86E226A1FFC855D009EA637 /* Grey_Net_SingleUITests.m */; };
		D86E22801FFC87D7009EA637 /* 左右键.png in Resources */ = {isa = PBXBuildFile; fileRef = D86E22791FFC87D5009EA637 /* 左右键.png */; };
		D86E22811FFC87D7009EA637 /* backGround.png in Resources */ = {isa = PBXBuildFile; fileRef = D86E227A1FFC87D5009EA637 /* backGround.png */; };
		D86E22821FFC87D7009EA637 /* first_bg.jpg in Resources */ = {isa = PBXBuildFile; fileRef = D86E227B1FFC87D6009EA637 /* first_bg.jpg */; };
		D86E22831FFC87D7009EA637 /* 00.jpg in Resources */ = {isa = PBXBuildFile; fileRef = D86E227C1FFC87D6009EA637 /* 00.jpg */; };
		D86E22841FFC87D7009EA637 /* bar背景.png in Resources */ = {isa = PBXBuildFile; fileRef = D86E227D1FFC87D6009EA637 /* bar背景.png */; };
		D86E22851FFC87D7009EA637 /* progress底色.png in Resources */ = {isa = PBXBuildFile; fileRef = D86E227E1FFC87D6009EA637 /* progress底色.png */; };
		D86E22861FFC87D7009EA637 /* functionButton.png in Resources */ = {isa = PBXBuildFile; fileRef = D86E227F1FFC87D7009EA637 /* functionButton.png */; };
		D87779492042AD5E0008D5FF /* MissionFileList.plist in Resources */ = {isa = PBXBuildFile; fileRef = D87779482042AD5E0008D5FF /* MissionFileList.plist */; };
		D877794C2042AE4C0008D5FF /* CommandList.m in Sources */ = {isa = PBXBuildFile; fileRef = D877794B2042AE4C0008D5FF /* CommandList.m */; };
		D8889C77204E980100E76A69 /* MissionList.plist in Resources */ = {isa = PBXBuildFile; fileRef = D8889C76204E980100E76A69 /* MissionList.plist */; };
		D8889C7A204E9D1000E76A69 /* InputMissionInDatabase.m in Sources */ = {isa = PBXBuildFile; fileRef = D8889C79204E9D1000E76A69 /* InputMissionInDatabase.m */; };
		D8889C7C204ED54F00E76A69 /* app.jpg in Resources */ = {isa = PBXBuildFile; fileRef = D8889C7B204ED54F00E76A69 /* app.jpg */; };
		D8889C87204EDDBC00E76A69 /* app_gaitubao_com_40x40.jpg in Resources */ = {isa = PBXBuildFile; fileRef = D8889C7E204EDDBB00E76A69 /* app_gaitubao_com_40x40.jpg */; };
		D8889C88204EDDBC00E76A69 /* app_gaitubao_com_58x58.jpg in Resources */ = {isa = PBXBuildFile; fileRef = D8889C7F204EDDBB00E76A69 /* app_gaitubao_com_58x58.jpg */; };
		D8889C89204EDDBC00E76A69 /* app_gaitubao_com_80x80.jpg in Resources */ = {isa = PBXBuildFile; fileRef = D8889C80204EDDBC00E76A69 /* app_gaitubao_com_80x80.jpg */; };
		D8889C8A204EDDBC00E76A69 /* app_gaitubao_com_76x76.jpg in Resources */ = {isa = PBXBuildFile; fileRef = D8889C81204EDDBC00E76A69 /* app_gaitubao_com_76x76.jpg */; };
		D8889C8B204EDDBC00E76A69 /* app_gaitubao_com_20x20.jpg in Resources */ = {isa = PBXBuildFile; fileRef = D8889C82204EDDBC00E76A69 /* app_gaitubao_com_20x20.jpg */; };
		D8889C8C204EDDBC00E76A69 /* app_gaitubao_com_152x152.jpg in Resources */ = {isa = PBXBuildFile; fileRef = D8889C83204EDDBC00E76A69 /* app_gaitubao_com_152x152.jpg */; };
		D8889C8D204EDDBC00E76A69 /* app_gaitubao_com_167x167.jpg in Resources */ = {isa = PBXBuildFile; fileRef = D8889C84204EDDBC00E76A69 /* app_gaitubao_com_167x167.jpg */; };
		D8889C8E204EDDBC00E76A69 /* app_gaitubao_com_29x29.jpg in Resources */ = {isa = PBXBuildFile; fileRef = D8889C85204EDDBC00E76A69 /* app_gaitubao_com_29x29.jpg */; };
		D8889C8F204EDDBC00E76A69 /* app_gaitubao_com_1024x1024.jpg in Resources */ = {isa = PBXBuildFile; fileRef = D8889C86204EDDBC00E76A69 /* app_gaitubao_com_1024x1024.jpg */; };
		D8889C94204EDFEE00E76A69 /* app_gaitubao_com_60x60.jpg in Resources */ = {isa = PBXBuildFile; fileRef = D8889C90204EDFED00E76A69 /* app_gaitubao_com_60x60.jpg */; };
		D8889C95204EDFEE00E76A69 /* app_gaitubao_com_120x120.jpg in Resources */ = {isa = PBXBuildFile; fileRef = D8889C91204EDFEE00E76A69 /* app_gaitubao_com_120x120.jpg */; };
		D8889C96204EDFEE00E76A69 /* app_gaitubao_com_180x180.jpg in Resources */ = {isa = PBXBuildFile; fileRef = D8889C92204EDFEE00E76A69 /* app_gaitubao_com_180x180.jpg */; };
		D8889C97204EDFEE00E76A69 /* app_gaitubao_com_87x87.jpg in Resources */ = {isa = PBXBuildFile; fileRef = D8889C93204EDFEE00E76A69 /* app_gaitubao_com_87x87.jpg */; };
		D8EA19A820390D9B009B2F77 /* InboxView.m in Sources */ = {isa = PBXBuildFile; fileRef = D8EA19A720390D9B009B2F77 /* InboxView.m */; };
		D8EA19AB20390FA7009B2F77 /* ConsoleView.m in Sources */ = {isa = PBXBuildFile; fileRef = D8EA19AA20390FA7009B2F77 /* ConsoleView.m */; };
		D8F7157D202BF35E00249E77 /* SettingArrowModel.m in Sources */ = {isa = PBXBuildFile; fileRef = D8F7157C202BF35E00249E77 /* SettingArrowModel.m */; };
		D8F71583202C1AF600249E77 /* SettingCell.m in Sources */ = {isa = PBXBuildFile; fileRef = D8F71582202C1AF600249E77 /* SettingCell.m */; };
		D8F71586202C1D3400249E77 /* SettingSwitchModel.m in Sources */ = {isa = PBXBuildFile; fileRef = D8F71585202C1D3400249E77 /* SettingSwitchModel.m */; };
		D8F71589202C1D4A00249E77 /* SettingLabelModel.m in Sources */ = {isa = PBXBuildFile; fileRef = D8F71588202C1D4A00249E77 /* SettingLabelModel.m */; };
		D8F7158C202C1D8400249E77 /* Group.m in Sources */ = {isa = PBXBuildFile; fileRef = D8F7158B202C1D8400249E77 /* Group.m */; };
		D8F7158F202C1E1300249E77 /* BaseTableViewController.m in Sources */ = {isa = PBXBuildFile; fileRef = D8F7158E202C1E1300249E77 /* BaseTableViewController.m */; };
		D8F71592202C1EF800249E77 /* SettingTableViewController.m in Sources */ = {isa = PBXBuildFile; fileRef = D8F71591202C1EF800249E77 /* SettingTableViewController.m */; };
/* End PBXBuildFile section */

/* Begin PBXContainerItemProxy section */
		D86E225C1FFC855D009EA637 /* PBXContainerItemProxy */ = {
			isa = PBXContainerItemProxy;
			containerPortal = D86E223B1FFC855D009EA637 /* Project object */;
			proxyType = 1;
			remoteGlobalIDString = D86E22421FFC855D009EA637;
			remoteInfo = "Grey Net Single";
		};
		D86E22671FFC855D009EA637 /* PBXContainerItemProxy */ = {
			isa = PBXContainerItemProxy;
			containerPortal = D86E223B1FFC855D009EA637 /* Project object */;
			proxyType = 1;
			remoteGlobalIDString = D86E22421FFC855D009EA637;
			remoteInfo = "Grey Net Single";
		};
/* End PBXContainerItemProxy section */

/* Begin PBXFileReference section */
		294982480CFA0FE6780618BB /* Pods-Grey Net Single.release.xcconfig */ = {isa = PBXFileReference; includeInIndex = 1; lastKnownFileType = text.xcconfig; name = "Pods-Grey Net Single.release.xcconfig"; path = "Pods/Target Support Files/Pods-Grey Net Single/Pods-Grey Net Single.release.xcconfig"; sourceTree = "<group>"; };
		64EA19CADF8A377E3B40F0AC /* libPods-Grey Net Single.a */ = {isa = PBXFileReference; explicitFileType = archive.ar; includeInIndex = 0; path = "libPods-Grey Net Single.a"; sourceTree = BUILT_PRODUCTS_DIR; };
		A7DEC594C233182BB73DF32B /* Pods-Grey Net Single.debug.xcconfig */ = {isa = PBXFileReference; includeInIndex = 1; lastKnownFileType = text.xcconfig; name = "Pods-Grey Net Single.debug.xcconfig"; path = "Pods/Target Support Files/Pods-Grey Net Single/Pods-Grey Net Single.debug.xcconfig"; sourceTree = "<group>"; };
		D8066F6420767B8100362983 /* audioController.h */ = {isa = PBXFileReference; fileEncoding = 4; lastKnownFileType = sourcecode.c.h; path = audioController.h; sourceTree = "<group>"; };
		D8066F6520767B8100362983 /* HelpPageView.h */ = {isa = PBXFileReference; fileEncoding = 4; lastKnownFileType = sourcecode.c.h; path = HelpPageView.h; sourceTree = "<group>"; };
		D8066F6620767B8100362983 /* HelpPageView.m */ = {isa = PBXFileReference; fileEncoding = 4; lastKnownFileType = sourcecode.c.objc; path = HelpPageView.m; sourceTree = "<group>"; };
		D8066F6720767B8100362983 /* audioController.m */ = {isa = PBXFileReference; fileEncoding = 4; lastKnownFileType = sourcecode.c.objc; path = audioController.m; sourceTree = "<group>"; };
		D8066F6A207681B700362983 /* Zz_白日梦_zZ-初音未来的激唱.mp3 */ = {isa = PBXFileReference; lastKnownFileType = audio.mp3; path = "Zz_白日梦_zZ-初音未来的激唱.mp3"; sourceTree = "<group>"; };
		D80F07882073C88500022F23 /* FlagPageView.h */ = {isa = PBXFileReference; lastKnownFileType = sourcecode.c.h; path = FlagPageView.h; sourceTree = "<group>"; };
		D80F07892073C88600022F23 /* FlagPageView.m */ = {isa = PBXFileReference; lastKnownFileType = sourcecode.c.objc; path = FlagPageView.m; sourceTree = "<group>"; };
		D81147C4202C629600A38BD0 /* Foundation.framework */ = {isa = PBXFileReference; lastKnownFileType = wrapper.framework; name = Foundation.framework; path = System/Library/Frameworks/Foundation.framework; sourceTree = SDKROOT; };
		D81147C6202C62A400A38BD0 /* UIKit.framework */ = {isa = PBXFileReference; lastKnownFileType = wrapper.framework; name = UIKit.framework; path = System/Library/Frameworks/UIKit.framework; sourceTree = SDKROOT; };
		D81147C8202C62B000A38BD0 /* CoreGraphics.framework */ = {isa = PBXFileReference; lastKnownFileType = wrapper.framework; name = CoreGraphics.framework; path = System/Library/Frameworks/CoreGraphics.framework; sourceTree = SDKROOT; };
		D8119B1A202B205100452787 /* SettingModel.h */ = {isa = PBXFileReference; lastKnownFileType = sourcecode.c.h; path = SettingModel.h; sourceTree = "<group>"; };
		D8119B1B202B205100452787 /* SettingModel.m */ = {isa = PBXFileReference; lastKnownFileType = sourcecode.c.objc; path = SettingModel.m; sourceTree = "<group>"; };
		D81E3A622039A731002A7B37 /* UITabBarItem+DKSBadge.h */ = {isa = PBXFileReference; fileEncoding = 4; lastKnownFileType = sourcecode.c.h; path = "UITabBarItem+DKSBadge.h"; sourceTree = "<group>"; };
		D81E3A632039A731002A7B37 /* UITabBar+DKSTabBar.h */ = {isa = PBXFileReference; fileEncoding = 4; lastKnownFileType = sourcecode.c.h; path = "UITabBar+DKSTabBar.h"; sourceTree = "<group>"; };
		D81E3A642039A731002A7B37 /* UIView+DKSBadge.h */ = {isa = PBXFileReference; fileEncoding = 4; lastKnownFileType = sourcecode.c.h; path = "UIView+DKSBadge.h"; sourceTree = "<group>"; };
		D81E3A652039A731002A7B37 /* UITabBarItem+DKSBadge.m */ = {isa = PBXFileReference; fileEncoding = 4; lastKnownFileType = sourcecode.c.objc; path = "UITabBarItem+DKSBadge.m"; sourceTree = "<group>"; };
		D81E3A662039A731002A7B37 /* UITabBar+DKSTabBar.m */ = {isa = PBXFileReference; fileEncoding = 4; lastKnownFileType = sourcecode.c.objc; path = "UITabBar+DKSTabBar.m"; sourceTree = "<group>"; };
		D81E3A672039A731002A7B37 /* UIView+DKSBadge.m */ = {isa = PBXFileReference; fileEncoding = 4; lastKnownFileType = sourcecode.c.objc; path = "UIView+DKSBadge.m"; sourceTree = "<group>"; };
		D81E3A6B2039CBCA002A7B37 /* PingView.h */ = {isa = PBXFileReference; lastKnownFileType = sourcecode.c.h; path = PingView.h; sourceTree = "<group>"; };
		D81E3A6C2039CBCA002A7B37 /* PingView.m */ = {isa = PBXFileReference; lastKnownFileType = sourcecode.c.objc; path = PingView.m; sourceTree = "<group>"; };
		D81E3A6E2039DDD2002A7B37 /* SSHView.h */ = {isa = PBXFileReference; lastKnownFileType = sourcecode.c.h; path = SSHView.h; sourceTree = "<group>"; };
		D81E3A6F2039DDD2002A7B37 /* SSHView.m */ = {isa = PBXFileReference; lastKnownFileType = sourcecode.c.objc; path = SSHView.m; sourceTree = "<group>"; };
		D82BFB46204FAE22002CA3F6 /* confirmButton.png */ = {isa = PBXFileReference; lastKnownFileType = image.png; path = confirmButton.png; sourceTree = "<group>"; };
		D82BFB47204FAE22002CA3F6 /* launchImage.jpg */ = {isa = PBXFileReference; lastKnownFileType = image.jpeg; path = launchImage.jpg; sourceTree = "<group>"; };
		D82BFB4A204FB503002CA3F6 /* launchImage_gaitubao_com_1200x2436_gaitubao_com_1125x2436.jpg */ = {isa = PBXFileReference; lastKnownFileType = image.jpeg; path = launchImage_gaitubao_com_1200x2436_gaitubao_com_1125x2436.jpg; sourceTree = "<group>"; };
		D82CD7E6203C5FF100139B0C /* SSHConsoleView.h */ = {isa = PBXFileReference; lastKnownFileType = sourcecode.c.h; path = SSHConsoleView.h; sourceTree = "<group>"; };
		D82CD7E7203C5FF100139B0C /* SSHConsoleView.m */ = {isa = PBXFileReference; lastKnownFileType = sourcecode.c.objc; path = SSHConsoleView.m; sourceTree = "<group>"; };
		D82CD7EB203C727900139B0C /* IQTextView.m */ = {isa = PBXFileReference; fileEncoding = 4; lastKnownFileType = sourcecode.c.objc; path = IQTextView.m; sourceTree = "<group>"; };
		D82CD7EC203C727900139B0C /* IQTextView.h */ = {isa = PBXFileReference; fileEncoding = 4; lastKnownFileType = sourcecode.c.h; path = IQTextView.h; sourceTree = "<group>"; };
		D82CD7EE203C727900139B0C /* IQUIView+IQKeyboardToolbar.h */ = {isa = PBXFileReference; fileEncoding = 4; lastKnownFileType = sourcecode.c.h; path = "IQUIView+IQKeyboardToolbar.h"; sourceTree = "<group>"; };
		D82CD7EF203C727900139B0C /* IQToolbar.m */ = {isa = PBXFileReference; fileEncoding = 4; lastKnownFileType = sourcecode.c.objc; path = IQToolbar.m; sourceTree = "<group>"; };
		D82CD7F0203C727900139B0C /* IQPreviousNextView.h */ = {isa = PBXFileReference; fileEncoding = 4; lastKnownFileType = sourcecode.c.h; path = IQPreviousNextView.h; sourceTree = "<group>"; };
		D82CD7F1203C727900139B0C /* IQTitleBarButtonItem.m */ = {isa = PBXFileReference; fileEncoding = 4; lastKnownFileType = sourcecode.c.objc; path = IQTitleBarButtonItem.m; sourceTree = "<group>"; };
		D82CD7F2203C727900139B0C /* IQBarButtonItem.m */ = {isa = PBXFileReference; fileEncoding = 4; lastKnownFileType = sourcecode.c.objc; path = IQBarButtonItem.m; sourceTree = "<group>"; };
		D82CD7F3203C727900139B0C /* IQUIView+IQKeyboardToolbar.m */ = {isa = PBXFileReference; fileEncoding = 4; lastKnownFileType = sourcecode.c.objc; path = "IQUIView+IQKeyboardToolbar.m"; sourceTree = "<group>"; };
		D82CD7F4203C727900139B0C /* IQPreviousNextView.m */ = {isa = PBXFileReference; fileEncoding = 4; lastKnownFileType = sourcecode.c.objc; path = IQPreviousNextView.m; sourceTree = "<group>"; };
		D82CD7F5203C727900139B0C /* IQToolbar.h */ = {isa = PBXFileReference; fileEncoding = 4; lastKnownFileType = sourcecode.c.h; path = IQToolbar.h; sourceTree = "<group>"; };
		D82CD7F6203C727900139B0C /* IQBarButtonItem.h */ = {isa = PBXFileReference; fileEncoding = 4; lastKnownFileType = sourcecode.c.h; path = IQBarButtonItem.h; sourceTree = "<group>"; };
		D82CD7F7203C727900139B0C /* IQTitleBarButtonItem.h */ = {isa = PBXFileReference; fileEncoding = 4; lastKnownFileType = sourcecode.c.h; path = IQTitleBarButtonItem.h; sourceTree = "<group>"; };
		D82CD7F9203C727900139B0C /* IQKeyboardManagerConstantsInternal.h */ = {isa = PBXFileReference; fileEncoding = 4; lastKnownFileType = sourcecode.c.h; path = IQKeyboardManagerConstantsInternal.h; sourceTree = "<group>"; };
		D82CD7FA203C727900139B0C /* IQKeyboardManagerConstants.h */ = {isa = PBXFileReference; fileEncoding = 4; lastKnownFileType = sourcecode.c.h; path = IQKeyboardManagerConstants.h; sourceTree = "<group>"; };
		D82CD7FC203C727900139B0C /* IQKeyboardManager.bundle */ = {isa = PBXFileReference; lastKnownFileType = "wrapper.plug-in"; path = IQKeyboardManager.bundle; sourceTree = "<group>"; };
		D82CD7FD203C727900139B0C /* IQKeyboardReturnKeyHandler.h */ = {isa = PBXFileReference; fileEncoding = 4; lastKnownFileType = sourcecode.c.h; path = IQKeyboardReturnKeyHandler.h; sourceTree = "<group>"; };
		D82CD7FE203C727900139B0C /* IQKeyboardManager.h */ = {isa = PBXFileReference; fileEncoding = 4; lastKnownFileType = sourcecode.c.h; path = IQKeyboardManager.h; sourceTree = "<group>"; };
		D82CD7FF203C727900139B0C /* IQKeyboardManager.m */ = {isa = PBXFileReference; fileEncoding = 4; lastKnownFileType = sourcecode.c.objc; path = IQKeyboardManager.m; sourceTree = "<group>"; };
		D82CD801203C727900139B0C /* IQNSArray+Sort.m */ = {isa = PBXFileReference; fileEncoding = 4; lastKnownFileType = sourcecode.c.objc; path = "IQNSArray+Sort.m"; sourceTree = "<group>"; };
		D82CD802203C727900139B0C /* IQUIWindow+Hierarchy.m */ = {isa = PBXFileReference; fileEncoding = 4; lastKnownFileType = sourcecode.c.objc; path = "IQUIWindow+Hierarchy.m"; sourceTree = "<group>"; };
		D82CD803203C727900139B0C /* IQUIViewController+Additions.h */ = {isa = PBXFileReference; fileEncoding = 4; lastKnownFileType = sourcecode.c.h; path = "IQUIViewController+Additions.h"; sourceTree = "<group>"; };
		D82CD804203C727900139B0C /* IQUITextFieldView+Additions.m */ = {isa = PBXFileReference; fileEncoding = 4; lastKnownFileType = sourcecode.c.objc; path = "IQUITextFieldView+Additions.m"; sourceTree = "<group>"; };
		D82CD805203C727900139B0C /* IQUIScrollView+Additions.m */ = {isa = PBXFileReference; fileEncoding = 4; lastKnownFileType = sourcecode.c.objc; path = "IQUIScrollView+Additions.m"; sourceTree = "<group>"; };
		D82CD806203C727900139B0C /* IQUIView+Hierarchy.m */ = {isa = PBXFileReference; fileEncoding = 4; lastKnownFileType = sourcecode.c.objc; path = "IQUIView+Hierarchy.m"; sourceTree = "<group>"; };
		D82CD807203C727900139B0C /* IQUIWindow+Hierarchy.h */ = {isa = PBXFileReference; fileEncoding = 4; lastKnownFileType = sourcecode.c.h; path = "IQUIWindow+Hierarchy.h"; sourceTree = "<group>"; };
		D82CD808203C727900139B0C /* IQNSArray+Sort.h */ = {isa = PBXFileReference; fileEncoding = 4; lastKnownFileType = sourcecode.c.h; path = "IQNSArray+Sort.h"; sourceTree = "<group>"; };
		D82CD809203C727900139B0C /* IQUIScrollView+Additions.h */ = {isa = PBXFileReference; fileEncoding = 4; lastKnownFileType = sourcecode.c.h; path = "IQUIScrollView+Additions.h"; sourceTree = "<group>"; };
		D82CD80A203C727900139B0C /* IQUITextFieldView+Additions.h */ = {isa = PBXFileReference; fileEncoding = 4; lastKnownFileType = sourcecode.c.h; path = "IQUITextFieldView+Additions.h"; sourceTree = "<group>"; };
		D82CD80B203C727900139B0C /* IQUIViewController+Additions.m */ = {isa = PBXFileReference; fileEncoding = 4; lastKnownFileType = sourcecode.c.objc; path = "IQUIViewController+Additions.m"; sourceTree = "<group>"; };
		D82CD80C203C727900139B0C /* IQUIView+Hierarchy.h */ = {isa = PBXFileReference; fileEncoding = 4; lastKnownFileType = sourcecode.c.h; path = "IQUIView+Hierarchy.h"; sourceTree = "<group>"; };
		D82CD80D203C727900139B0C /* IQKeyboardReturnKeyHandler.m */ = {isa = PBXFileReference; fileEncoding = 4; lastKnownFileType = sourcecode.c.objc; path = IQKeyboardReturnKeyHandler.m; sourceTree = "<group>"; };
		D82CD81D203C886400139B0C /* DownloadView.h */ = {isa = PBXFileReference; lastKnownFileType = sourcecode.c.h; path = DownloadView.h; sourceTree = "<group>"; };
		D82CD81E203C886400139B0C /* DownloadView.m */ = {isa = PBXFileReference; lastKnownFileType = sourcecode.c.objc; path = DownloadView.m; sourceTree = "<group>"; };
		D82CD820203C8B4900139B0C /* WKProgressBarLayer.h */ = {isa = PBXFileReference; fileEncoding = 4; lastKnownFileType = sourcecode.c.h; path = WKProgressBarLayer.h; sourceTree = "<group>"; };
		D82CD821203C8B4900139B0C /* WKProgressBarLayer.m */ = {isa = PBXFileReference; fileEncoding = 4; lastKnownFileType = sourcecode.c.objc; path = WKProgressBarLayer.m; sourceTree = "<group>"; };
		D848DDA6207C8E91004A330E /* Documents.txt */ = {isa = PBXFileReference; fileEncoding = 4; lastKnownFileType = text; path = Documents.txt; sourceTree = "<group>"; };
		D85DBAAA207520EC00316B8A /* AVFoundation.framework */ = {isa = PBXFileReference; lastKnownFileType = wrapper.framework; name = AVFoundation.framework; path = System/Library/Frameworks/AVFoundation.framework; sourceTree = SDKROOT; };
		D85DBAAC2076411B00316B8A /* Donna Burke-HEAVENS DIVIDE (Instrumental).mp3 */ = {isa = PBXFileReference; lastKnownFileType = audio.mp3; path = "Donna Burke-HEAVENS DIVIDE (Instrumental).mp3"; sourceTree = "<group>"; };
		D85DBAAF207646E400316B8A /* libFMDB.a */ = {isa = PBXFileReference; explicitFileType = archive.ar; path = libFMDB.a; sourceTree = BUILT_PRODUCTS_DIR; };
		D86A64862037C11B0016244B /* libsqlite3.tbd */ = {isa = PBXFileReference; lastKnownFileType = "sourcecode.text-based-dylib-definition"; name = libsqlite3.tbd; path = usr/lib/libsqlite3.tbd; sourceTree = SDKROOT; };
		D86A648820387BBD0016244B /* BaseView.h */ = {isa = PBXFileReference; lastKnownFileType = sourcecode.c.h; path = BaseView.h; sourceTree = "<group>"; };
		D86A648920387BBD0016244B /* BaseView.m */ = {isa = PBXFileReference; lastKnownFileType = sourcecode.c.objc; path = BaseView.m; sourceTree = "<group>"; };
		D86E0E0F2029C6F00075AAE2 /* FCoverViewController.h */ = {isa = PBXFileReference; lastKnownFileType = sourcecode.c.h; path = FCoverViewController.h; sourceTree = "<group>"; };
		D86E0E142029D23F0075AAE2 /* FCoverViewController.m */ = {isa = PBXFileReference; fileEncoding = 4; lastKnownFileType = sourcecode.c.objc; path = FCoverViewController.m; sourceTree = "<group>"; };
		D86E22431FFC855D009EA637 /* Grey Net Single.app */ = {isa = PBXFileReference; explicitFileType = wrapper.application; includeInIndex = 0; path = "Grey Net Single.app"; sourceTree = BUILT_PRODUCTS_DIR; };
		D86E22461FFC855D009EA637 /* AppDelegate.h */ = {isa = PBXFileReference; lastKnownFileType = sourcecode.c.h; path = AppDelegate.h; sourceTree = "<group>"; };
		D86E22471FFC855D009EA637 /* AppDelegate.m */ = {isa = PBXFileReference; lastKnownFileType = sourcecode.c.objc; path = AppDelegate.m; sourceTree = "<group>"; };
		D86E224F1FFC855D009EA637 /* Assets.xcassets */ = {isa = PBXFileReference; lastKnownFileType = folder.assetcatalog; path = Assets.xcassets; sourceTree = "<group>"; };
		D86E22541FFC855D009EA637 /* Info.plist */ = {isa = PBXFileReference; lastKnownFileType = text.plist.xml; path = Info.plist; sourceTree = "<group>"; };
		D86E22551FFC855D009EA637 /* main.m */ = {isa = PBXFileReference; lastKnownFileType = sourcecode.c.objc; path = main.m; sourceTree = "<group>"; };
		D86E225B1FFC855D009EA637 /* Grey Net SingleTests.xctest */ = {isa = PBXFileReference; explicitFileType = wrapper.cfbundle; includeInIndex = 0; path = "Grey Net SingleTests.xctest"; sourceTree = BUILT_PRODUCTS_DIR; };
		D86E225F1FFC855D009EA637 /* Grey_Net_SingleTests.m */ = {isa = PBXFileReference; lastKnownFileType = sourcecode.c.objc; path = Grey_Net_SingleTests.m; sourceTree = "<group>"; };
		D86E22611FFC855D009EA637 /* Info.plist */ = {isa = PBXFileReference; lastKnownFileType = text.plist.xml; path = Info.plist; sourceTree = "<group>"; };
		D86E22661FFC855D009EA637 /* Grey Net SingleUITests.xctest */ = {isa = PBXFileReference; explicitFileType = wrapper.cfbundle; includeInIndex = 0; path = "Grey Net SingleUITests.xctest"; sourceTree = BUILT_PRODUCTS_DIR; };
		D86E226A1FFC855D009EA637 /* Grey_Net_SingleUITests.m */ = {isa = PBXFileReference; lastKnownFileType = sourcecode.c.objc; path = Grey_Net_SingleUITests.m; sourceTree = "<group>"; };
		D86E226C1FFC855D009EA637 /* Info.plist */ = {isa = PBXFileReference; lastKnownFileType = text.plist.xml; path = Info.plist; sourceTree = "<group>"; };
		D86E22791FFC87D5009EA637 /* 左右键.png */ = {isa = PBXFileReference; lastKnownFileType = image.png; path = "左右键.png"; sourceTree = "<group>"; };
		D86E227A1FFC87D5009EA637 /* backGround.png */ = {isa = PBXFileReference; lastKnownFileType = image.png; path = backGround.png; sourceTree = "<group>"; };
		D86E227B1FFC87D6009EA637 /* first_bg.jpg */ = {isa = PBXFileReference; lastKnownFileType = image.jpeg; path = first_bg.jpg; sourceTree = "<group>"; };
		D86E227C1FFC87D6009EA637 /* 00.jpg */ = {isa = PBXFileReference; lastKnownFileType = image.jpeg; path = 00.jpg; sourceTree = "<group>"; };
		D86E227D1FFC87D6009EA637 /* bar背景.png */ = {isa = PBXFileReference; lastKnownFileType = image.png; path = "bar背景.png"; sourceTree = "<group>"; };
		D86E227E1FFC87D6009EA637 /* progress底色.png */ = {isa = PBXFileReference; lastKnownFileType = image.png; path = "progress底色.png"; sourceTree = "<group>"; };
		D86E227F1FFC87D7009EA637 /* functionButton.png */ = {isa = PBXFileReference; lastKnownFileType = image.png; path = functionButton.png; sourceTree = "<group>"; };
		D87779482042AD5E0008D5FF /* MissionFileList.plist */ = {isa = PBXFileReference; lastKnownFileType = text.plist.xml; path = MissionFileList.plist; sourceTree = "<group>"; };
		D877794A2042AE4C0008D5FF /* CommandList.h */ = {isa = PBXFileReference; lastKnownFileType = sourcecode.c.h; path = CommandList.h; sourceTree = "<group>"; };
		D877794B2042AE4C0008D5FF /* CommandList.m */ = {isa = PBXFileReference; lastKnownFileType = sourcecode.c.objc; path = CommandList.m; sourceTree = "<group>"; };
		D8889C76204E980100E76A69 /* MissionList.plist */ = {isa = PBXFileReference; lastKnownFileType = text.plist.xml; path = MissionList.plist; sourceTree = "<group>"; };
		D8889C78204E9D1000E76A69 /* InputMissionInDatabase.h */ = {isa = PBXFileReference; lastKnownFileType = sourcecode.c.h; path = InputMissionInDatabase.h; sourceTree = "<group>"; };
		D8889C79204E9D1000E76A69 /* InputMissionInDatabase.m */ = {isa = PBXFileReference; lastKnownFileType = sourcecode.c.objc; path = InputMissionInDatabase.m; sourceTree = "<group>"; };
		D8889C7B204ED54F00E76A69 /* app.jpg */ = {isa = PBXFileReference; lastKnownFileType = image.jpeg; path = app.jpg; sourceTree = "<group>"; };
		D8889C7E204EDDBB00E76A69 /* app_gaitubao_com_40x40.jpg */ = {isa = PBXFileReference; lastKnownFileType = image.jpeg; path = app_gaitubao_com_40x40.jpg; sourceTree = "<group>"; };
		D8889C7F204EDDBB00E76A69 /* app_gaitubao_com_58x58.jpg */ = {isa = PBXFileReference; lastKnownFileType = image.jpeg; path = app_gaitubao_com_58x58.jpg; sourceTree = "<group>"; };
		D8889C80204EDDBC00E76A69 /* app_gaitubao_com_80x80.jpg */ = {isa = PBXFileReference; lastKnownFileType = image.jpeg; path = app_gaitubao_com_80x80.jpg; sourceTree = "<group>"; };
		D8889C81204EDDBC00E76A69 /* app_gaitubao_com_76x76.jpg */ = {isa = PBXFileReference; lastKnownFileType = image.jpeg; path = app_gaitubao_com_76x76.jpg; sourceTree = "<group>"; };
		D8889C82204EDDBC00E76A69 /* app_gaitubao_com_20x20.jpg */ = {isa = PBXFileReference; lastKnownFileType = image.jpeg; path = app_gaitubao_com_20x20.jpg; sourceTree = "<group>"; };
		D8889C83204EDDBC00E76A69 /* app_gaitubao_com_152x152.jpg */ = {isa = PBXFileReference; lastKnownFileType = image.jpeg; path = app_gaitubao_com_152x152.jpg; sourceTree = "<group>"; };
		D8889C84204EDDBC00E76A69 /* app_gaitubao_com_167x167.jpg */ = {isa = PBXFileReference; lastKnownFileType = image.jpeg; path = app_gaitubao_com_167x167.jpg; sourceTree = "<group>"; };
		D8889C85204EDDBC00E76A69 /* app_gaitubao_com_29x29.jpg */ = {isa = PBXFileReference; lastKnownFileType = image.jpeg; path = app_gaitubao_com_29x29.jpg; sourceTree = "<group>"; };
		D8889C86204EDDBC00E76A69 /* app_gaitubao_com_1024x1024.jpg */ = {isa = PBXFileReference; lastKnownFileType = image.jpeg; path = app_gaitubao_com_1024x1024.jpg; sourceTree = "<group>"; };
		D8889C90204EDFED00E76A69 /* app_gaitubao_com_60x60.jpg */ = {isa = PBXFileReference; lastKnownFileType = image.jpeg; path = app_gaitubao_com_60x60.jpg; sourceTree = "<group>"; };
		D8889C91204EDFEE00E76A69 /* app_gaitubao_com_120x120.jpg */ = {isa = PBXFileReference; lastKnownFileType = image.jpeg; path = app_gaitubao_com_120x120.jpg; sourceTree = "<group>"; };
		D8889C92204EDFEE00E76A69 /* app_gaitubao_com_180x180.jpg */ = {isa = PBXFileReference; lastKnownFileType = image.jpeg; path = app_gaitubao_com_180x180.jpg; sourceTree = "<group>"; };
		D8889C93204EDFEE00E76A69 /* app_gaitubao_com_87x87.jpg */ = {isa = PBXFileReference; lastKnownFileType = image.jpeg; path = app_gaitubao_com_87x87.jpg; sourceTree = "<group>"; };
		D8EA19A620390D9B009B2F77 /* InboxView.h */ = {isa = PBXFileReference; lastKnownFileType = sourcecode.c.h; path = InboxView.h; sourceTree = "<group>"; };
		D8EA19A720390D9B009B2F77 /* InboxView.m */ = {isa = PBXFileReference; lastKnownFileType = sourcecode.c.objc; path = InboxView.m; sourceTree = "<group>"; };
		D8EA19A920390FA7009B2F77 /* ConsoleView.h */ = {isa = PBXFileReference; lastKnownFileType = sourcecode.c.h; path = ConsoleView.h; sourceTree = "<group>"; };
		D8EA19AA20390FA7009B2F77 /* ConsoleView.m */ = {isa = PBXFileReference; lastKnownFileType = sourcecode.c.objc; path = ConsoleView.m; sourceTree = "<group>"; };
		D8F7157B202BF35E00249E77 /* SettingArrowModel.h */ = {isa = PBXFileReference; lastKnownFileType = sourcecode.c.h; path = SettingArrowModel.h; sourceTree = "<group>"; };
		D8F7157C202BF35E00249E77 /* SettingArrowModel.m */ = {isa = PBXFileReference; lastKnownFileType = sourcecode.c.objc; path = SettingArrowModel.m; sourceTree = "<group>"; };
		D8F71581202C1AF600249E77 /* SettingCell.h */ = {isa = PBXFileReference; lastKnownFileType = sourcecode.c.h; path = SettingCell.h; sourceTree = "<group>"; };
		D8F71582202C1AF600249E77 /* SettingCell.m */ = {isa = PBXFileReference; lastKnownFileType = sourcecode.c.objc; path = SettingCell.m; sourceTree = "<group>"; };
		D8F71584202C1D3400249E77 /* SettingSwitchModel.h */ = {isa = PBXFileReference; lastKnownFileType = sourcecode.c.h; path = SettingSwitchModel.h; sourceTree = "<group>"; };
		D8F71585202C1D3400249E77 /* SettingSwitchModel.m */ = {isa = PBXFileReference; lastKnownFileType = sourcecode.c.objc; path = SettingSwitchModel.m; sourceTree = "<group>"; };
		D8F71587202C1D4A00249E77 /* SettingLabelModel.h */ = {isa = PBXFileReference; lastKnownFileType = sourcecode.c.h; path = SettingLabelModel.h; sourceTree = "<group>"; };
		D8F71588202C1D4A00249E77 /* SettingLabelModel.m */ = {isa = PBXFileReference; lastKnownFileType = sourcecode.c.objc; path = SettingLabelModel.m; sourceTree = "<group>"; };
		D8F7158A202C1D8400249E77 /* Group.h */ = {isa = PBXFileReference; lastKnownFileType = sourcecode.c.h; path = Group.h; sourceTree = "<group>"; };
		D8F7158B202C1D8400249E77 /* Group.m */ = {isa = PBXFileReference; lastKnownFileType = sourcecode.c.objc; path = Group.m; sourceTree = "<group>"; };
		D8F7158D202C1E1300249E77 /* BaseTableViewController.h */ = {isa = PBXFileReference; lastKnownFileType = sourcecode.c.h; path = BaseTableViewController.h; sourceTree = "<group>"; };
		D8F7158E202C1E1300249E77 /* BaseTableViewController.m */ = {isa = PBXFileReference; lastKnownFileType = sourcecode.c.objc; path = BaseTableViewController.m; sourceTree = "<group>"; };
		D8F71590202C1EF800249E77 /* SettingTableViewController.h */ = {isa = PBXFileReference; lastKnownFileType = sourcecode.c.h; path = SettingTableViewController.h; sourceTree = "<group>"; };
		D8F71591202C1EF800249E77 /* SettingTableViewController.m */ = {isa = PBXFileReference; lastKnownFileType = sourcecode.c.objc; path = SettingTableViewController.m; sourceTree = "<group>"; };
/* End PBXFileReference section */

/* Begin PBXFrameworksBuildPhase section */
		D86E22401FFC855D009EA637 /* Frameworks */ = {
			isa = PBXFrameworksBuildPhase;
			buildActionMask = 2147483647;
			files = (
				D85DBAAB207520EC00316B8A /* AVFoundation.framework in Frameworks */,
				D86A64872037C11B0016244B /* libsqlite3.tbd in Frameworks */,
				5DB4AD242273A1614D417118 /* libPods-Grey Net Single.a in Frameworks */,
			);
			runOnlyForDeploymentPostprocessing = 0;
		};
		D86E22581FFC855D009EA637 /* Frameworks */ = {
			isa = PBXFrameworksBuildPhase;
			buildActionMask = 2147483647;
			files = (
			);
			runOnlyForDeploymentPostprocessing = 0;
		};
		D86E22631FFC855D009EA637 /* Frameworks */ = {
			isa = PBXFrameworksBuildPhase;
			buildActionMask = 2147483647;
			files = (
			);
			runOnlyForDeploymentPostprocessing = 0;
		};
/* End PBXFrameworksBuildPhase section */

/* Begin PBXGroup section */
		312226E8C6A992D7CFB2F9A2 /* Pods */ = {
			isa = PBXGroup;
			children = (
				A7DEC594C233182BB73DF32B /* Pods-Grey Net Single.debug.xcconfig */,
				294982480CFA0FE6780618BB /* Pods-Grey Net Single.release.xcconfig */,
			);
			name = Pods;
			sourceTree = "<group>";
		};
		87C684985EDA8C8187D12054 /* Frameworks */ = {
			isa = PBXGroup;
			children = (
				D85DBAAF207646E400316B8A /* libFMDB.a */,
				D85DBAAA207520EC00316B8A /* AVFoundation.framework */,
				D86A64862037C11B0016244B /* libsqlite3.tbd */,
				D81147C8202C62B000A38BD0 /* CoreGraphics.framework */,
				D81147C6202C62A400A38BD0 /* UIKit.framework */,
				D81147C4202C629600A38BD0 /* Foundation.framework */,
				64EA19CADF8A377E3B40F0AC /* libPods-Grey Net Single.a */,
			);
			name = Frameworks;
			sourceTree = "<group>";
		};
		D8066F5B2076764600362983 /* audio */ = {
			isa = PBXGroup;
			children = (
				D8066F6A207681B700362983 /* Zz_白日梦_zZ-初音未来的激唱.mp3 */,
				D85DBAAC2076411B00316B8A /* Donna Burke-HEAVENS DIVIDE (Instrumental).mp3 */,
			);
			path = audio;
			sourceTree = "<group>";
		};
		D8066F5C2076769700362983 /* group1 */ = {
			isa = PBXGroup;
			children = (
				D81E3A6B2039CBCA002A7B37 /* PingView.h */,
				D81E3A6C2039CBCA002A7B37 /* PingView.m */,
				D81E3A6E2039DDD2002A7B37 /* SSHView.h */,
				D81E3A6F2039DDD2002A7B37 /* SSHView.m */,
				D82CD7E6203C5FF100139B0C /* SSHConsoleView.h */,
				D82CD7E7203C5FF100139B0C /* SSHConsoleView.m */,
				D82CD81D203C886400139B0C /* DownloadView.h */,
				D82CD81E203C886400139B0C /* DownloadView.m */,
				D80F07882073C88500022F23 /* FlagPageView.h */,
				D80F07892073C88600022F23 /* FlagPageView.m */,
			);
			path = group1;
			sourceTree = "<group>";
		};
		D8066F5E207676EA00362983 /* barItem */ = {
			isa = PBXGroup;
			children = (
				D8EA19A620390D9B009B2F77 /* InboxView.h */,
				D8EA19A720390D9B009B2F77 /* InboxView.m */,
				D8EA19A920390FA7009B2F77 /* ConsoleView.h */,
				D8EA19AA20390FA7009B2F77 /* ConsoleView.m */,
			);
			path = barItem;
			sourceTree = "<group>";
		};
		D8066F6320767B8100362983 /* group2 */ = {
			isa = PBXGroup;
			children = (
				D848DDA6207C8E91004A330E /* Documents.txt */,
				D8066F6420767B8100362983 /* audioController.h */,
				D8066F6720767B8100362983 /* audioController.m */,
				D8066F6520767B8100362983 /* HelpPageView.h */,
				D8066F6620767B8100362983 /* HelpPageView.m */,
			);
			path = group2;
			sourceTree = "<group>";
		};
		D80A19292036ED360082CABD /* TableViewLib */ = {
			isa = PBXGroup;
			children = (
				D8F7158D202C1E1300249E77 /* BaseTableViewController.h */,
				D8F7158E202C1E1300249E77 /* BaseTableViewController.m */,
				D8F71590202C1EF800249E77 /* SettingTableViewController.h */,
				D8F71591202C1EF800249E77 /* SettingTableViewController.m */,
				D8F71584202C1D3400249E77 /* SettingSwitchModel.h */,
				D8F71585202C1D3400249E77 /* SettingSwitchModel.m */,
				D8F71587202C1D4A00249E77 /* SettingLabelModel.h */,
				D8F71588202C1D4A00249E77 /* SettingLabelModel.m */,
				D8F7157B202BF35E00249E77 /* SettingArrowModel.h */,
				D8F7157C202BF35E00249E77 /* SettingArrowModel.m */,
				D8F71581202C1AF600249E77 /* SettingCell.h */,
				D8F71582202C1AF600249E77 /* SettingCell.m */,
				D8119B1A202B205100452787 /* SettingModel.h */,
				D8119B1B202B205100452787 /* SettingModel.m */,
				D8F7158A202C1D8400249E77 /* Group.h */,
				D8F7158B202C1D8400249E77 /* Group.m */,
			);
			path = TableViewLib;
			sourceTree = "<group>";
		};
		D81E3A612039A731002A7B37 /* DKSBadge */ = {
			isa = PBXGroup;
			children = (
				D81E3A622039A731002A7B37 /* UITabBarItem+DKSBadge.h */,
				D81E3A652039A731002A7B37 /* UITabBarItem+DKSBadge.m */,
				D81E3A632039A731002A7B37 /* UITabBar+DKSTabBar.h */,
				D81E3A662039A731002A7B37 /* UITabBar+DKSTabBar.m */,
				D81E3A642039A731002A7B37 /* UIView+DKSBadge.h */,
				D81E3A672039A731002A7B37 /* UIView+DKSBadge.m */,
			);
			path = DKSBadge;
			sourceTree = "<group>";
		};
		D82CD7E9203C727900139B0C /* IQKeyboardManager */ = {
			isa = PBXGroup;
			children = (
				D82CD7EA203C727900139B0C /* IQTextView */,
				D82CD7ED203C727900139B0C /* IQToolbar */,
				D82CD7F8203C727900139B0C /* Constants */,
				D82CD7FB203C727900139B0C /* Resources */,
				D82CD7FD203C727900139B0C /* IQKeyboardReturnKeyHandler.h */,
				D82CD7FE203C727900139B0C /* IQKeyboardManager.h */,
				D82CD7FF203C727900139B0C /* IQKeyboardManager.m */,
				D82CD800203C727900139B0C /* Categories */,
				D82CD80D203C727900139B0C /* IQKeyboardReturnKeyHandler.m */,
			);
			path = IQKeyboardManager;
			sourceTree = "<group>";
		};
		D82CD7EA203C727900139B0C /* IQTextView */ = {
			isa = PBXGroup;
			children = (
				D82CD7EB203C727900139B0C /* IQTextView.m */,
				D82CD7EC203C727900139B0C /* IQTextView.h */,
			);
			path = IQTextView;
			sourceTree = "<group>";
		};
		D82CD7ED203C727900139B0C /* IQToolbar */ = {
			isa = PBXGroup;
			children = (
				D82CD7EE203C727900139B0C /* IQUIView+IQKeyboardToolbar.h */,
				D82CD7EF203C727900139B0C /* IQToolbar.m */,
				D82CD7F0203C727900139B0C /* IQPreviousNextView.h */,
				D82CD7F1203C727900139B0C /* IQTitleBarButtonItem.m */,
				D82CD7F2203C727900139B0C /* IQBarButtonItem.m */,
				D82CD7F3203C727900139B0C /* IQUIView+IQKeyboardToolbar.m */,
				D82CD7F4203C727900139B0C /* IQPreviousNextView.m */,
				D82CD7F5203C727900139B0C /* IQToolbar.h */,
				D82CD7F6203C727900139B0C /* IQBarButtonItem.h */,
				D82CD7F7203C727900139B0C /* IQTitleBarButtonItem.h */,
			);
			path = IQToolbar;
			sourceTree = "<group>";
		};
		D82CD7F8203C727900139B0C /* Constants */ = {
			isa = PBXGroup;
			children = (
				D82CD7F9203C727900139B0C /* IQKeyboardManagerConstantsInternal.h */,
				D82CD7FA203C727900139B0C /* IQKeyboardManagerConstants.h */,
			);
			path = Constants;
			sourceTree = "<group>";
		};
		D82CD7FB203C727900139B0C /* Resources */ = {
			isa = PBXGroup;
			children = (
				D82CD7FC203C727900139B0C /* IQKeyboardManager.bundle */,
			);
			path = Resources;
			sourceTree = "<group>";
		};
		D82CD800203C727900139B0C /* Categories */ = {
			isa = PBXGroup;
			children = (
				D82CD801203C727900139B0C /* IQNSArray+Sort.m */,
				D82CD802203C727900139B0C /* IQUIWindow+Hierarchy.m */,
				D82CD803203C727900139B0C /* IQUIViewController+Additions.h */,
				D82CD804203C727900139B0C /* IQUITextFieldView+Additions.m */,
				D82CD805203C727900139B0C /* IQUIScrollView+Additions.m */,
				D82CD806203C727900139B0C /* IQUIView+Hierarchy.m */,
				D82CD807203C727900139B0C /* IQUIWindow+Hierarchy.h */,
				D82CD808203C727900139B0C /* IQNSArray+Sort.h */,
				D82CD809203C727900139B0C /* IQUIScrollView+Additions.h */,
				D82CD80A203C727900139B0C /* IQUITextFieldView+Additions.h */,
				D82CD80B203C727900139B0C /* IQUIViewController+Additions.m */,
				D82CD80C203C727900139B0C /* IQUIView+Hierarchy.h */,
			);
			path = Categories;
			sourceTree = "<group>";
		};
		D86E223A1FFC855D009EA637 = {
			isa = PBXGroup;
			children = (
				D86E22451FFC855D009EA637 /* Grey Net Single */,
				D86E225E1FFC855D009EA637 /* Grey Net SingleTests */,
				D86E22691FFC855D009EA637 /* Grey Net SingleUITests */,
				D86E22441FFC855D009EA637 /* Products */,
				312226E8C6A992D7CFB2F9A2 /* Pods */,
				87C684985EDA8C8187D12054 /* Frameworks */,
			);
			sourceTree = "<group>";
		};
		D86E22441FFC855D009EA637 /* Products */ = {
			isa = PBXGroup;
			children = (
				D86E22431FFC855D009EA637 /* Grey Net Single.app */,
				D86E225B1FFC855D009EA637 /* Grey Net SingleTests.xctest */,
				D86E22661FFC855D009EA637 /* Grey Net SingleUITests.xctest */,
			);
			name = Products;
			sourceTree = "<group>";
		};
		D86E22451FFC855D009EA637 /* Grey Net Single */ = {
			isa = PBXGroup;
			children = (
				D82CD820203C8B4900139B0C /* WKProgressBarLayer.h */,
				D82CD821203C8B4900139B0C /* WKProgressBarLayer.m */,
				D82CD7E9203C727900139B0C /* IQKeyboardManager */,
				D81E3A612039A731002A7B37 /* DKSBadge */,
				D80A19292036ED360082CABD /* TableViewLib */,
				D8066F5B2076764600362983 /* audio */,
				D8889C7D204EDDAB00E76A69 /* icon */,
				D86E22781FFC87AE009EA637 /* images */,
				D86E22461FFC855D009EA637 /* AppDelegate.h */,
				D86E22471FFC855D009EA637 /* AppDelegate.m */,
				D86E224F1FFC855D009EA637 /* Assets.xcassets */,
				D86E22541FFC855D009EA637 /* Info.plist */,
				D86E22551FFC855D009EA637 /* main.m */,
				D86E0E0F2029C6F00075AAE2 /* FCoverViewController.h */,
				D86E0E142029D23F0075AAE2 /* FCoverViewController.m */,
				D86A648820387BBD0016244B /* BaseView.h */,
				D86A648920387BBD0016244B /* BaseView.m */,
				D8066F5E207676EA00362983 /* barItem */,
				D8066F5C2076769700362983 /* group1 */,
				D8066F6320767B8100362983 /* group2 */,
				D877794A2042AE4C0008D5FF /* CommandList.h */,
				D877794B2042AE4C0008D5FF /* CommandList.m */,
				D8889C78204E9D1000E76A69 /* InputMissionInDatabase.h */,
				D8889C79204E9D1000E76A69 /* InputMissionInDatabase.m */,
				D87779482042AD5E0008D5FF /* MissionFileList.plist */,
				D8889C76204E980100E76A69 /* MissionList.plist */,
			);
			path = "Grey Net Single";
			sourceTree = "<group>";
		};
		D86E225E1FFC855D009EA637 /* Grey Net SingleTests */ = {
			isa = PBXGroup;
			children = (
				D86E225F1FFC855D009EA637 /* Grey_Net_SingleTests.m */,
				D86E22611FFC855D009EA637 /* Info.plist */,
			);
			path = "Grey Net SingleTests";
			sourceTree = "<group>";
		};
		D86E22691FFC855D009EA637 /* Grey Net SingleUITests */ = {
			isa = PBXGroup;
			children = (
				D86E226A1FFC855D009EA637 /* Grey_Net_SingleUITests.m */,
				D86E226C1FFC855D009EA637 /* Info.plist */,
			);
			path = "Grey Net SingleUITests";
			sourceTree = "<group>";
		};
		D86E22781FFC87AE009EA637 /* images */ = {
			isa = PBXGroup;
			children = (
				D82BFB4A204FB503002CA3F6 /* launchImage_gaitubao_com_1200x2436_gaitubao_com_1125x2436.jpg */,
				D82BFB46204FAE22002CA3F6 /* confirmButton.png */,
				D82BFB47204FAE22002CA3F6 /* launchImage.jpg */,
				D86E227C1FFC87D6009EA637 /* 00.jpg */,
				D86E227A1FFC87D5009EA637 /* backGround.png */,
				D86E227F1FFC87D7009EA637 /* functionButton.png */,
				D86E227B1FFC87D6009EA637 /* first_bg.jpg */,
				D86E22791FFC87D5009EA637 /* 左右键.png */,
				D86E227D1FFC87D6009EA637 /* bar背景.png */,
				D86E227E1FFC87D6009EA637 /* progress底色.png */,
			);
			path = images;
			sourceTree = "<group>";
		};
		D8889C7D204EDDAB00E76A69 /* icon */ = {
			isa = PBXGroup;
			children = (
				D8889C7B204ED54F00E76A69 /* app.jpg */,
				D8889C90204EDFED00E76A69 /* app_gaitubao_com_60x60.jpg */,
				D8889C93204EDFEE00E76A69 /* app_gaitubao_com_87x87.jpg */,
				D8889C91204EDFEE00E76A69 /* app_gaitubao_com_120x120.jpg */,
				D8889C92204EDFEE00E76A69 /* app_gaitubao_com_180x180.jpg */,
				D8889C82204EDDBC00E76A69 /* app_gaitubao_com_20x20.jpg */,
				D8889C85204EDDBC00E76A69 /* app_gaitubao_com_29x29.jpg */,
				D8889C7E204EDDBB00E76A69 /* app_gaitubao_com_40x40.jpg */,
				D8889C7F204EDDBB00E76A69 /* app_gaitubao_com_58x58.jpg */,
				D8889C81204EDDBC00E76A69 /* app_gaitubao_com_76x76.jpg */,
				D8889C80204EDDBC00E76A69 /* app_gaitubao_com_80x80.jpg */,
				D8889C83204EDDBC00E76A69 /* app_gaitubao_com_152x152.jpg */,
				D8889C84204EDDBC00E76A69 /* app_gaitubao_com_167x167.jpg */,
				D8889C86204EDDBC00E76A69 /* app_gaitubao_com_1024x1024.jpg */,
			);
			path = icon;
			sourceTree = "<group>";
		};
/* End PBXGroup section */

/* Begin PBXNativeTarget section */
		D86E22421FFC855D009EA637 /* Grey Net Single */ = {
			isa = PBXNativeTarget;
			buildConfigurationList = D86E226F1FFC855D009EA637 /* Build configuration list for PBXNativeTarget "Grey Net Single" */;
			buildPhases = (
				7B3A2878E6AB7697DE04EFDC /* [CP] Check Pods Manifest.lock */,
				D86E223F1FFC855D009EA637 /* Sources */,
				D86E22401FFC855D009EA637 /* Frameworks */,
				D86E22411FFC855D009EA637 /* Resources */,
				D1F3C4D4750D5009888930C1 /* [CP] Embed Pods Frameworks */,
				F638F698D84B8B33C005DC74 /* [CP] Copy Pods Resources */,
			);
			buildRules = (
			);
			dependencies = (
			);
			name = "Grey Net Single";
			productName = "Grey Net Single";
			productReference = D86E22431FFC855D009EA637 /* Grey Net Single.app */;
			productType = "com.apple.product-type.application";
		};
		D86E225A1FFC855D009EA637 /* Grey Net SingleTests */ = {
			isa = PBXNativeTarget;
			buildConfigurationList = D86E22721FFC855D009EA637 /* Build configuration list for PBXNativeTarget "Grey Net SingleTests" */;
			buildPhases = (
				D86E22571FFC855D009EA637 /* Sources */,
				D86E22581FFC855D009EA637 /* Frameworks */,
				D86E22591FFC855D009EA637 /* Resources */,
			);
			buildRules = (
			);
			dependencies = (
				D86E225D1FFC855D009EA637 /* PBXTargetDependency */,
			);
			name = "Grey Net SingleTests";
			productName = "Grey Net SingleTests";
			productReference = D86E225B1FFC855D009EA637 /* Grey Net SingleTests.xctest */;
			productType = "com.apple.product-type.bundle.unit-test";
		};
		D86E22651FFC855D009EA637 /* Grey Net SingleUITests */ = {
			isa = PBXNativeTarget;
			buildConfigurationList = D86E22751FFC855D009EA637 /* Build configuration list for PBXNativeTarget "Grey Net SingleUITests" */;
			buildPhases = (
				D86E22621FFC855D009EA637 /* Sources */,
				D86E22631FFC855D009EA637 /* Frameworks */,
				D86E22641FFC855D009EA637 /* Resources */,
			);
			buildRules = (
			);
			dependencies = (
				D86E22681FFC855D009EA637 /* PBXTargetDependency */,
			);
			name = "Grey Net SingleUITests";
			productName = "Grey Net SingleUITests";
			productReference = D86E22661FFC855D009EA637 /* Grey Net SingleUITests.xctest */;
			productType = "com.apple.product-type.bundle.ui-testing";
		};
/* End PBXNativeTarget section */

/* Begin PBXProject section */
		D86E223B1FFC855D009EA637 /* Project object */ = {
			isa = PBXProject;
			attributes = {
				LastUpgradeCheck = 0930;
				ORGANIZATIONNAME = "Frank Chen";
				TargetAttributes = {
					D86E22421FFC855D009EA637 = {
						CreatedOnToolsVersion = 9.2;
						ProvisioningStyle = Automatic;
					};
					D86E225A1FFC855D009EA637 = {
						CreatedOnToolsVersion = 9.2;
						ProvisioningStyle = Automatic;
						TestTargetID = D86E22421FFC855D009EA637;
					};
					D86E22651FFC855D009EA637 = {
						CreatedOnToolsVersion = 9.2;
						ProvisioningStyle = Automatic;
						TestTargetID = D86E22421FFC855D009EA637;
					};
				};
			};
			buildConfigurationList = D86E223E1FFC855D009EA637 /* Build configuration list for PBXProject "Grey Net Single" */;
			compatibilityVersion = "Xcode 8.0";
			developmentRegion = en;
			hasScannedForEncodings = 0;
			knownRegions = (
				en,
				Base,
			);
			mainGroup = D86E223A1FFC855D009EA637;
			productRefGroup = D86E22441FFC855D009EA637 /* Products */;
			projectDirPath = "";
			projectRoot = "";
			targets = (
				D86E22421FFC855D009EA637 /* Grey Net Single */,
				D86E225A1FFC855D009EA637 /* Grey Net SingleTests */,
				D86E22651FFC855D009EA637 /* Grey Net SingleUITests */,
			);
		};
/* End PBXProject section */

/* Begin PBXResourcesBuildPhase section */
		D86E22411FFC855D009EA637 /* Resources */ = {
			isa = PBXResourcesBuildPhase;
			buildActionMask = 2147483647;
			files = (
				D86E22811FFC87D7009EA637 /* backGround.png in Resources */,
				D8889C89204EDDBC00E76A69 /* app_gaitubao_com_80x80.jpg in Resources */,
				D8889C95204EDFEE00E76A69 /* app_gaitubao_com_120x120.jpg in Resources */,
				D8889C94204EDFEE00E76A69 /* app_gaitubao_com_60x60.jpg in Resources */,
				D87779492042AD5E0008D5FF /* MissionFileList.plist in Resources */,
				D86E22831FFC87D7009EA637 /* 00.jpg in Resources */,
				D8889C8A204EDDBC00E76A69 /* app_gaitubao_com_76x76.jpg in Resources */,
				D8889C8F204EDDBC00E76A69 /* app_gaitubao_com_1024x1024.jpg in Resources */,
				D8889C7C204ED54F00E76A69 /* app.jpg in Resources */,
				D8889C87204EDDBC00E76A69 /* app_gaitubao_com_40x40.jpg in Resources */,
				D86E22801FFC87D7009EA637 /* 左右键.png in Resources */,
				D8889C8B204EDDBC00E76A69 /* app_gaitubao_com_20x20.jpg in Resources */,
				D86E22861FFC87D7009EA637 /* functionButton.png in Resources */,
				D8889C8C204EDDBC00E76A69 /* app_gaitubao_com_152x152.jpg in Resources */,
				D82BFB48204FAE22002CA3F6 /* confirmButton.png in Resources */,
				D8889C96204EDFEE00E76A69 /* app_gaitubao_com_180x180.jpg in Resources */,
				D86E22851FFC87D7009EA637 /* progress底色.png in Resources */,
				D85DBAAD2076411B00316B8A /* Donna Burke-HEAVENS DIVIDE (Instrumental).mp3 in Resources */,
				D8889C97204EDFEE00E76A69 /* app_gaitubao_com_87x87.jpg in Resources */,
				D8889C8E204EDDBC00E76A69 /* app_gaitubao_com_29x29.jpg in Resources */,
				D8889C88204EDDBC00E76A69 /* app_gaitubao_com_58x58.jpg in Resources */,
				D848DDA7207C8E91004A330E /* Documents.txt in Resources */,
				D86E22841FFC87D7009EA637 /* bar背景.png in Resources */,
				D82BFB49204FAE22002CA3F6 /* launchImage.jpg in Resources */,
				D86E22501FFC855D009EA637 /* Assets.xcassets in Resources */,
				D8066F6B207681B700362983 /* Zz_白日梦_zZ-初音未来的激唱.mp3 in Resources */,
				D8889C8D204EDDBC00E76A69 /* app_gaitubao_com_167x167.jpg in Resources */,
				D82BFB4B204FB503002CA3F6 /* launchImage_gaitubao_com_1200x2436_gaitubao_com_1125x2436.jpg in Resources */,
				D86E22821FFC87D7009EA637 /* first_bg.jpg in Resources */,
				D82CD814203C727A00139B0C /* IQKeyboardManager.bundle in Resources */,
				D8889C77204E980100E76A69 /* MissionList.plist in Resources */,
			);
			runOnlyForDeploymentPostprocessing = 0;
		};
		D86E22591FFC855D009EA637 /* Resources */ = {
			isa = PBXResourcesBuildPhase;
			buildActionMask = 2147483647;
			files = (
			);
			runOnlyForDeploymentPostprocessing = 0;
		};
		D86E22641FFC855D009EA637 /* Resources */ = {
			isa = PBXResourcesBuildPhase;
			buildActionMask = 2147483647;
			files = (
			);
			runOnlyForDeploymentPostprocessing = 0;
		};
/* End PBXResourcesBuildPhase section */

/* Begin PBXShellScriptBuildPhase section */
		7B3A2878E6AB7697DE04EFDC /* [CP] Check Pods Manifest.lock */ = {
			isa = PBXShellScriptBuildPhase;
			buildActionMask = 2147483647;
			files = (
			);
			inputPaths = (
				"${PODS_PODFILE_DIR_PATH}/Podfile.lock",
				"${PODS_ROOT}/Manifest.lock",
			);
			name = "[CP] Check Pods Manifest.lock";
			outputPaths = (
				"$(DERIVED_FILE_DIR)/Pods-Grey Net Single-checkManifestLockResult.txt",
			);
			runOnlyForDeploymentPostprocessing = 0;
			shellPath = /bin/sh;
			shellScript = "diff \"${PODS_PODFILE_DIR_PATH}/Podfile.lock\" \"${PODS_ROOT}/Manifest.lock\" > /dev/null\nif [ $? != 0 ] ; then\n    # print error to STDERR\n    echo \"error: The sandbox is not in sync with the Podfile.lock. Run 'pod install' or update your CocoaPods installation.\" >&2\n    exit 1\nfi\n# This output is used by Xcode 'outputs' to avoid re-running this script phase.\necho \"SUCCESS\" > \"${SCRIPT_OUTPUT_FILE_0}\"\n";
			showEnvVarsInLog = 0;
		};
		D1F3C4D4750D5009888930C1 /* [CP] Embed Pods Frameworks */ = {
			isa = PBXShellScriptBuildPhase;
			buildActionMask = 2147483647;
			files = (
			);
			inputPaths = (
			);
			name = "[CP] Embed Pods Frameworks";
			outputPaths = (
			);
			runOnlyForDeploymentPostprocessing = 0;
			shellPath = /bin/sh;
			shellScript = "\"${SRCROOT}/Pods/Target Support Files/Pods-Grey Net Single/Pods-Grey Net Single-frameworks.sh\"\n";
			showEnvVarsInLog = 0;
		};
		F638F698D84B8B33C005DC74 /* [CP] Copy Pods Resources */ = {
			isa = PBXShellScriptBuildPhase;
			buildActionMask = 2147483647;
			files = (
			);
			inputPaths = (
			);
			name = "[CP] Copy Pods Resources";
			outputPaths = (
			);
			runOnlyForDeploymentPostprocessing = 0;
			shellPath = /bin/sh;
			shellScript = "\"${SRCROOT}/Pods/Target Support Files/Pods-Grey Net Single/Pods-Grey Net Single-resources.sh\"\n";
			showEnvVarsInLog = 0;
		};
/* End PBXShellScriptBuildPhase section */

/* Begin PBXSourcesBuildPhase section */
		D86E223F1FFC855D009EA637 /* Sources */ = {
			isa = PBXSourcesBuildPhase;
			buildActionMask = 2147483647;
			files = (
				D81E3A6A2039A731002A7B37 /* UIView+DKSBadge.m in Sources */,
				D8EA19A820390D9B009B2F77 /* InboxView.m in Sources */,
				D81E3A6D2039CBCA002A7B37 /* PingView.m in Sources */,
				D82CD817203C727A00139B0C /* IQUIWindow+Hierarchy.m in Sources */,
				D82CD822203C8B4900139B0C /* WKProgressBarLayer.m in Sources */,
				D8889C7A204E9D1000E76A69 /* InputMissionInDatabase.m in Sources */,
				D82CD80F203C727A00139B0C /* IQToolbar.m in Sources */,
				D8F7158C202C1D8400249E77 /* Group.m in Sources */,
				D81E3A692039A731002A7B37 /* UITabBar+DKSTabBar.m in Sources */,
				D82CD81C203C727A00139B0C /* IQKeyboardReturnKeyHandler.m in Sources */,
				D82CD812203C727A00139B0C /* IQUIView+IQKeyboardToolbar.m in Sources */,
				D86E22561FFC855D009EA637 /* main.m in Sources */,
				D8066F6920767B8100362983 /* audioController.m in Sources */,
				D82CD813203C727A00139B0C /* IQPreviousNextView.m in Sources */,
				D82CD815203C727A00139B0C /* IQKeyboardManager.m in Sources */,
				D8F71592202C1EF800249E77 /* SettingTableViewController.m in Sources */,
				D82CD81A203C727A00139B0C /* IQUIView+Hierarchy.m in Sources */,
				D82CD81F203C886400139B0C /* DownloadView.m in Sources */,
				D82CD81B203C727A00139B0C /* IQUIViewController+Additions.m in Sources */,
				D8EA19AB20390FA7009B2F77 /* ConsoleView.m in Sources */,
				D8F7157D202BF35E00249E77 /* SettingArrowModel.m in Sources */,
				D81E3A682039A731002A7B37 /* UITabBarItem+DKSBadge.m in Sources */,
				D80F078A2073C88600022F23 /* FlagPageView.m in Sources */,
				D86E22481FFC855D009EA637 /* AppDelegate.m in Sources */,
				D877794C2042AE4C0008D5FF /* CommandList.m in Sources */,
				D82CD810203C727A00139B0C /* IQTitleBarButtonItem.m in Sources */,
				D8F71586202C1D3400249E77 /* SettingSwitchModel.m in Sources */,
				D82CD811203C727A00139B0C /* IQBarButtonItem.m in Sources */,
				D81E3A702039DDD2002A7B37 /* SSHView.m in Sources */,
				D82CD819203C727A00139B0C /* IQUIScrollView+Additions.m in Sources */,
				D82CD80E203C727A00139B0C /* IQTextView.m in Sources */,
				D8119B1C202B205100452787 /* SettingModel.m in Sources */,
				D86A648A20387BBD0016244B /* BaseView.m in Sources */,
				D82CD7E8203C5FF100139B0C /* SSHConsoleView.m in Sources */,
				D82CD818203C727A00139B0C /* IQUITextFieldView+Additions.m in Sources */,
				D8066F6820767B8100362983 /* HelpPageView.m in Sources */,
				D8F71589202C1D4A00249E77 /* SettingLabelModel.m in Sources */,
				D82CD816203C727A00139B0C /* IQNSArray+Sort.m in Sources */,
				D8F71583202C1AF600249E77 /* SettingCell.m in Sources */,
				D8F7158F202C1E1300249E77 /* BaseTableViewController.m in Sources */,
				D86E0E152029D23F0075AAE2 /* FCoverViewController.m in Sources */,
			);
			runOnlyForDeploymentPostprocessing = 0;
		};
		D86E22571FFC855D009EA637 /* Sources */ = {
			isa = PBXSourcesBuildPhase;
			buildActionMask = 2147483647;
			files = (
				D86E22601FFC855D009EA637 /* Grey_Net_SingleTests.m in Sources */,
			);
			runOnlyForDeploymentPostprocessing = 0;
		};
		D86E22621FFC855D009EA637 /* Sources */ = {
			isa = PBXSourcesBuildPhase;
			buildActionMask = 2147483647;
			files = (
				D86E226B1FFC855D009EA637 /* Grey_Net_SingleUITests.m in Sources */,
			);
			runOnlyForDeploymentPostprocessing = 0;
		};
/* End PBXSourcesBuildPhase section */

/* Begin PBXTargetDependency section */
		D86E225D1FFC855D009EA637 /* PBXTargetDependency */ = {
			isa = PBXTargetDependency;
			target = D86E22421FFC855D009EA637 /* Grey Net Single */;
			targetProxy = D86E225C1FFC855D009EA637 /* PBXContainerItemProxy */;
		};
		D86E22681FFC855D009EA637 /* PBXTargetDependency */ = {
			isa = PBXTargetDependency;
			target = D86E22421FFC855D009EA637 /* Grey Net Single */;
			targetProxy = D86E22671FFC855D009EA637 /* PBXContainerItemProxy */;
		};
/* End PBXTargetDependency section */

/* Begin XCBuildConfiguration section */
		D86E226D1FFC855D009EA637 /* Debug */ = {
			isa = XCBuildConfiguration;
			buildSettings = {
				ALWAYS_SEARCH_USER_PATHS = NO;
				CLANG_ANALYZER_NONNULL = YES;
				CLANG_ANALYZER_NUMBER_OBJECT_CONVERSION = YES_AGGRESSIVE;
				CLANG_CXX_LANGUAGE_STANDARD = "gnu++14";
				CLANG_CXX_LIBRARY = "libc++";
				CLANG_ENABLE_MODULES = YES;
				CLANG_ENABLE_OBJC_ARC = YES;
				CLANG_WARN_BLOCK_CAPTURE_AUTORELEASING = YES;
				CLANG_WARN_BOOL_CONVERSION = YES;
				CLANG_WARN_COMMA = YES;
				CLANG_WARN_CONSTANT_CONVERSION = YES;
				CLANG_WARN_DEPRECATED_OBJC_IMPLEMENTATIONS = YES;
				CLANG_WARN_DIRECT_OBJC_ISA_USAGE = YES_ERROR;
				CLANG_WARN_DOCUMENTATION_COMMENTS = YES;
				CLANG_WARN_EMPTY_BODY = YES;
				CLANG_WARN_ENUM_CONVERSION = YES;
				CLANG_WARN_INFINITE_RECURSION = YES;
				CLANG_WARN_INT_CONVERSION = YES;
				CLANG_WARN_NON_LITERAL_NULL_CONVERSION = YES;
				CLANG_WARN_OBJC_IMPLICIT_RETAIN_SELF = YES;
				CLANG_WARN_OBJC_LITERAL_CONVERSION = YES;
				CLANG_WARN_OBJC_ROOT_CLASS = YES_ERROR;
				CLANG_WARN_RANGE_LOOP_ANALYSIS = YES;
				CLANG_WARN_STRICT_PROTOTYPES = YES;
				CLANG_WARN_SUSPICIOUS_MOVE = YES;
				CLANG_WARN_UNGUARDED_AVAILABILITY = YES_AGGRESSIVE;
				CLANG_WARN_UNREACHABLE_CODE = YES;
				CLANG_WARN__DUPLICATE_METHOD_MATCH = YES;
				CODE_SIGN_IDENTITY = "iPhone Developer";
				COPY_PHASE_STRIP = NO;
				DEBUG_INFORMATION_FORMAT = dwarf;
				ENABLE_STRICT_OBJC_MSGSEND = YES;
				ENABLE_TESTABILITY = YES;
				GCC_C_LANGUAGE_STANDARD = gnu11;
				GCC_DYNAMIC_NO_PIC = NO;
				GCC_NO_COMMON_BLOCKS = YES;
				GCC_OPTIMIZATION_LEVEL = 0;
				GCC_PREPROCESSOR_DEFINITIONS = (
					"DEBUG=1",
					"$(inherited)",
				);
				GCC_WARN_64_TO_32_BIT_CONVERSION = YES;
				GCC_WARN_ABOUT_RETURN_TYPE = YES_ERROR;
				GCC_WARN_UNDECLARED_SELECTOR = YES;
				GCC_WARN_UNINITIALIZED_AUTOS = YES_AGGRESSIVE;
				GCC_WARN_UNUSED_FUNCTION = YES;
				GCC_WARN_UNUSED_VARIABLE = YES;
				IPHONEOS_DEPLOYMENT_TARGET = 11.2;
				MTL_ENABLE_DEBUG_INFO = YES;
				ONLY_ACTIVE_ARCH = YES;
				SDKROOT = iphoneos;
			};
			name = Debug;
		};
		D86E226E1FFC855D009EA637 /* Release */ = {
			isa = XCBuildConfiguration;
			buildSettings = {
				ALWAYS_SEARCH_USER_PATHS = NO;
				CLANG_ANALYZER_NONNULL = YES;
				CLANG_ANALYZER_NUMBER_OBJECT_CONVERSION = YES_AGGRESSIVE;
				CLANG_CXX_LANGUAGE_STANDARD = "gnu++14";
				CLANG_CXX_LIBRARY = "libc++";
				CLANG_ENABLE_MODULES = YES;
				CLANG_ENABLE_OBJC_ARC = YES;
				CLANG_WARN_BLOCK_CAPTURE_AUTORELEASING = YES;
				CLANG_WARN_BOOL_CONVERSION = YES;
				CLANG_WARN_COMMA = YES;
				CLANG_WARN_CONSTANT_CONVERSION = YES;
				CLANG_WARN_DEPRECATED_OBJC_IMPLEMENTATIONS = YES;
				CLANG_WARN_DIRECT_OBJC_ISA_USAGE = YES_ERROR;
				CLANG_WARN_DOCUMENTATION_COMMENTS = YES;
				CLANG_WARN_EMPTY_BODY = YES;
				CLANG_WARN_ENUM_CONVERSION = YES;
				CLANG_WARN_INFINITE_RECURSION = YES;
				CLANG_WARN_INT_CONVERSION = YES;
				CLANG_WARN_NON_LITERAL_NULL_CONVERSION = YES;
				CLANG_WARN_OBJC_IMPLICIT_RETAIN_SELF = YES;
				CLANG_WARN_OBJC_LITERAL_CONVERSION = YES;
				CLANG_WARN_OBJC_ROOT_CLASS = YES_ERROR;
				CLANG_WARN_RANGE_LOOP_ANALYSIS = YES;
				CLANG_WARN_STRICT_PROTOTYPES = YES;
				CLANG_WARN_SUSPICIOUS_MOVE = YES;
				CLANG_WARN_UNGUARDED_AVAILABILITY = YES_AGGRESSIVE;
				CLANG_WARN_UNREACHABLE_CODE = YES;
				CLANG_WARN__DUPLICATE_METHOD_MATCH = YES;
				CODE_SIGN_IDENTITY = "iPhone Developer";
				COPY_PHASE_STRIP = NO;
				DEBUG_INFORMATION_FORMAT = "dwarf-with-dsym";
				ENABLE_NS_ASSERTIONS = NO;
				ENABLE_STRICT_OBJC_MSGSEND = YES;
				GCC_C_LANGUAGE_STANDARD = gnu11;
				GCC_NO_COMMON_BLOCKS = YES;
				GCC_WARN_64_TO_32_BIT_CONVERSION = YES;
				GCC_WARN_ABOUT_RETURN_TYPE = YES_ERROR;
				GCC_WARN_UNDECLARED_SELECTOR = YES;
				GCC_WARN_UNINITIALIZED_AUTOS = YES_AGGRESSIVE;
				GCC_WARN_UNUSED_FUNCTION = YES;
				GCC_WARN_UNUSED_VARIABLE = YES;
				IPHONEOS_DEPLOYMENT_TARGET = 11.2;
				MTL_ENABLE_DEBUG_INFO = NO;
				SDKROOT = iphoneos;
				VALIDATE_PRODUCT = YES;
			};
			name = Release;
		};
		D86E22701FFC855D009EA637 /* Debug */ = {
			isa = XCBuildConfiguration;
			baseConfigurationReference = A7DEC594C233182BB73DF32B /* Pods-Grey Net Single.debug.xcconfig */;
			buildSettings = {
				ASSETCATALOG_COMPILER_APPICON_NAME = AppIcon;
				ASSETCATALOG_COMPILER_LAUNCHIMAGE_NAME = LaunchImage;
				CODE_SIGN_STYLE = Automatic;
				DEVELOPMENT_TEAM = MQYC9V69BR;
				INFOPLIST_FILE = "Grey Net Single/Info.plist";
				LD_RUNPATH_SEARCH_PATHS = "$(inherited) @executable_path/Frameworks";
				PRODUCT_BUNDLE_IDENTIFIER = "Frank.Grey-Net-Single";
				PRODUCT_NAME = "$(TARGET_NAME)";
				TARGETED_DEVICE_FAMILY = "1,2";
			};
			name = Debug;
		};
		D86E22711FFC855D009EA637 /* Release */ = {
			isa = XCBuildConfiguration;
			baseConfigurationReference = 294982480CFA0FE6780618BB /* Pods-Grey Net Single.release.xcconfig */;
			buildSettings = {
				ASSETCATALOG_COMPILER_APPICON_NAME = AppIcon;
				ASSETCATALOG_COMPILER_LAUNCHIMAGE_NAME = LaunchImage;
				CODE_SIGN_STYLE = Automatic;
				DEVELOPMENT_TEAM = MQYC9V69BR;
				INFOPLIST_FILE = "Grey Net Single/Info.plist";
				LD_RUNPATH_SEARCH_PATHS = "$(inherited) @executable_path/Frameworks";
				PRODUCT_BUNDLE_IDENTIFIER = "Frank.Grey-Net-Single";
				PRODUCT_NAME = "$(TARGET_NAME)";
				TARGETED_DEVICE_FAMILY = "1,2";
			};
			name = Release;
		};
		D86E22731FFC855D009EA637 /* Debug */ = {
			isa = XCBuildConfiguration;
			buildSettings = {
				BUNDLE_LOADER = "$(TEST_HOST)";
				CODE_SIGN_STYLE = Automatic;
				DEVELOPMENT_TEAM = MQYC9V69BR;
				INFOPLIST_FILE = "Grey Net SingleTests/Info.plist";
				LD_RUNPATH_SEARCH_PATHS = "$(inherited) @executable_path/Frameworks @loader_path/Frameworks";
				PRODUCT_BUNDLE_IDENTIFIER = "Frank.Grey-Net-SingleTests";
				PRODUCT_NAME = "$(TARGET_NAME)";
				TARGETED_DEVICE_FAMILY = "1,2";
				TEST_HOST = "$(BUILT_PRODUCTS_DIR)/Grey Net Single.app/Grey Net Single";
			};
			name = Debug;
		};
		D86E22741FFC855D009EA637 /* Release */ = {
			isa = XCBuildConfiguration;
			buildSettings = {
				BUNDLE_LOADER = "$(TEST_HOST)";
				CODE_SIGN_STYLE = Automatic;
				DEVELOPMENT_TEAM = MQYC9V69BR;
				INFOPLIST_FILE = "Grey Net SingleTests/Info.plist";
				LD_RUNPATH_SEARCH_PATHS = "$(inherited) @executable_path/Frameworks @loader_path/Frameworks";
				PRODUCT_BUNDLE_IDENTIFIER = "Frank.Grey-Net-SingleTests";
				PRODUCT_NAME = "$(TARGET_NAME)";
				TARGETED_DEVICE_FAMILY = "1,2";
				TEST_HOST = "$(BUILT_PRODUCTS_DIR)/Grey Net Single.app/Grey Net Single";
			};
			name = Release;
		};
		D86E22761FFC855D009EA637 /* Debug */ = {
			isa = XCBuildConfiguration;
			buildSettings = {
				CODE_SIGN_STYLE = Automatic;
				DEVELOPMENT_TEAM = MQYC9V69BR;
				INFOPLIST_FILE = "Grey Net SingleUITests/Info.plist";
				LD_RUNPATH_SEARCH_PATHS = "$(inherited) @executable_path/Frameworks @loader_path/Frameworks";
				PRODUCT_BUNDLE_IDENTIFIER = "Frank.Grey-Net-SingleUITests";
				PRODUCT_NAME = "$(TARGET_NAME)";
				TARGETED_DEVICE_FAMILY = "1,2";
				TEST_TARGET_NAME = "Grey Net Single";
			};
			name = Debug;
		};
		D86E22771FFC855D009EA637 /* Release */ = {
			isa = XCBuildConfiguration;
			buildSettings = {
				CODE_SIGN_STYLE = Automatic;
				DEVELOPMENT_TEAM = MQYC9V69BR;
				INFOPLIST_FILE = "Grey Net SingleUITests/Info.plist";
				LD_RUNPATH_SEARCH_PATHS = "$(inherited) @executable_path/Frameworks @loader_path/Frameworks";
				PRODUCT_BUNDLE_IDENTIFIER = "Frank.Grey-Net-SingleUITests";
				PRODUCT_NAME = "$(TARGET_NAME)";
				TARGETED_DEVICE_FAMILY = "1,2";
				TEST_TARGET_NAME = "Grey Net Single";
			};
			name = Release;
		};
/* End XCBuildConfiguration section */

/* Begin XCConfigurationList section */
		D86E223E1FFC855D009EA637 /* Build configuration list for PBXProject "Grey Net Single" */ = {
			isa = XCConfigurationList;
			buildConfigurations = (
				D86E226D1FFC855D009EA637 /* Debug */,
				D86E226E1FFC855D009EA637 /* Release */,
			);
			defaultConfigurationIsVisible = 0;
			defaultConfigurationName = Release;
		};
		D86E226F1FFC855D009EA637 /* Build configuration list for PBXNativeTarget "Grey Net Single" */ = {
			isa = XCConfigurationList;
			buildConfigurations = (
				D86E22701FFC855D009EA637 /* Debug */,
				D86E22711FFC855D009EA637 /* Release */,
			);
			defaultConfigurationIsVisible = 0;
			defaultConfigurationName = Release;
		};
		D86E22721FFC855D009EA637 /* Build configuration list for PBXNativeTarget "Grey Net SingleTests" */ = {
			isa = XCConfigurationList;
			buildConfigurations = (
				D86E22731FFC855D009EA637 /* Debug */,
				D86E22741FFC855D009EA637 /* Release */,
			);
			defaultConfigurationIsVisible = 0;
			defaultConfigurationName = Release;
		};
		D86E22751FFC855D009EA637 /* Build configuration list for PBXNativeTarget "Grey Net SingleUITests" */ = {
			isa = XCConfigurationList;
			buildConfigurations = (
				D86E22761FFC855D009EA637 /* Debug */,
				D86E22771FFC855D009EA637 /* Release */,
			);
			defaultConfigurationIsVisible = 0;
			defaultConfigurationName = Release;
		};
/* End XCConfigurationList section */
	};
	rootObject = D86E223B1FFC855D009EA637 /* Project object */;
}
